
Microsoft Visual Studio Solution File, Format Version 12.00
# Visual Studio Version 17
VisualStudioVersion = 17.12.35514.174
MinimumVisualStudioVersion = 10.0.40219.1
Project("{2150E333-8FDC-42A3-9474-1A3956D46DE8}") = "Services", "Services", "{50920DE6-6811-4281-91A0-F68368286C1E}"
EndProject
Project("{2150E333-8FDC-42A3-9474-1A3956D46DE8}") = "Catalog", "Catalog", "{E2BE4EFD-EAFD-4670-A832-BA6E5FCBF181}"
EndProject
Project("{FAE04EC0-301F-11D3-BF4B-00C04F79EFBC}") = "CatalogAPI", "Services\Catalog\CatalogAPI\CatalogAPI.csproj", "{E70E177D-BFF8-4227-B4B6-167DB2A84968}"
EndProject
Project("{2150E333-8FDC-42A3-9474-1A3956D46DE8}") = "BuildingBlocks", "BuildingBlocks", "{9F60E2CF-E058-47BA-9461-8B2E6195327E}"
EndProject
Project("{FAE04EC0-301F-11D3-BF4B-00C04F79EFBC}") = "BuildingBlocks", "BuildingBlocks\BuildingBlocks\BuildingBlocks.csproj", "{68C63567-B825-46C9-B560-5687E67AE0EF}"
EndProject
Project("{2150E333-8FDC-42A3-9474-1A3956D46DE8}") = "Solution Items", "Solution Items", "{1AB01A8F-0F3D-4FAC-9EF4-251F6EEB596E}"
	ProjectSection(SolutionItems) = preProject
		commands.txt = commands.txt
	EndProjectSection
EndProject
Project("{E53339B2-1760-4266-BCC7-CA923CBCF16C}") = "docker-compose", "docker-compose.dcproj", "{17D687A7-4C7F-4D64-AB25-57622AE7D4C2}"
EndProject
Project("{2150E333-8FDC-42A3-9474-1A3956D46DE8}") = "Basket", "Basket", "{DBF76AE9-ACC9-48EA-A1D0-5CF2E61DA65C}"
EndProject
Project("{FAE04EC0-301F-11D3-BF4B-00C04F79EFBC}") = "BasketAPI", "Services\Basket\BasketAPI\BasketAPI.csproj", "{58B51DB3-D818-40C0-80D2-726500A05D59}"
EndProject
Global
	GlobalSection(SolutionConfigurationPlatforms) = preSolution
		Debug|Any CPU = Debug|Any CPU
		NoVariablesDefault|Any CPU = NoVariablesDefault|Any CPU
		Release|Any CPU = Release|Any CPU
	EndGlobalSection
	GlobalSection(ProjectConfigurationPlatforms) = postSolution
		{E70E177D-BFF8-4227-B4B6-167DB2A84968}.Debug|Any CPU.ActiveCfg = Debug|Any CPU
		{E70E177D-BFF8-4227-B4B6-167DB2A84968}.Debug|Any CPU.Build.0 = Debug|Any CPU
		{E70E177D-BFF8-4227-B4B6-167DB2A84968}.NoVariablesDefault|Any CPU.ActiveCfg = Release|Any CPU
		{E70E177D-BFF8-4227-B4B6-167DB2A84968}.NoVariablesDefault|Any CPU.Build.0 = Release|Any CPU
		{E70E177D-BFF8-4227-B4B6-167DB2A84968}.Release|Any CPU.ActiveCfg = Release|Any CPU
		{E70E177D-BFF8-4227-B4B6-167DB2A84968}.Release|Any CPU.Build.0 = Release|Any CPU
		{68C63567-B825-46C9-B560-5687E67AE0EF}.Debug|Any CPU.ActiveCfg = Debug|Any CPU
		{68C63567-B825-46C9-B560-5687E67AE0EF}.Debug|Any CPU.Build.0 = Debug|Any CPU
		{68C63567-B825-46C9-B560-5687E67AE0EF}.NoVariablesDefault|Any CPU.ActiveCfg = Release|Any CPU
		{68C63567-B825-46C9-B560-5687E67AE0EF}.NoVariablesDefault|Any CPU.Build.0 = Release|Any CPU
		{68C63567-B825-46C9-B560-5687E67AE0EF}.Release|Any CPU.ActiveCfg = Release|Any CPU
		{68C63567-B825-46C9-B560-5687E67AE0EF}.Release|Any CPU.Build.0 = Release|Any CPU
		{17D687A7-4C7F-4D64-AB25-57622AE7D4C2}.Debug|Any CPU.ActiveCfg = NoVariablesDefault
		{17D687A7-4C7F-4D64-AB25-57622AE7D4C2}.Debug|Any CPU.Build.0 = NoVariablesDefault
		{17D687A7-4C7F-4D64-AB25-57622AE7D4C2}.NoVariablesDefault|Any CPU.ActiveCfg = NoVariablesDefault
		{17D687A7-4C7F-4D64-AB25-57622AE7D4C2}.NoVariablesDefault|Any CPU.Build.0 = NoVariablesDefault
		{17D687A7-4C7F-4D64-AB25-57622AE7D4C2}.Release|Any CPU.ActiveCfg = NoVariablesDefault
		{17D687A7-4C7F-4D64-AB25-57622AE7D4C2}.Release|Any CPU.Build.0 = NoVariablesDefault
		{58B51DB3-D818-40C0-80D2-726500A05D59}.Debug|Any CPU.ActiveCfg = Debug|Any CPU
		{58B51DB3-D818-40C0-80D2-726500A05D59}.Debug|Any CPU.Build.0 = Debug|Any CPU
		{58B51DB3-D818-40C0-80D2-726500A05D59}.NoVariablesDefault|Any CPU.ActiveCfg = Debug|Any CPU
		{58B51DB3-D818-40C0-80D2-726500A05D59}.NoVariablesDefault|Any CPU.Build.0 = Debug|Any CPU
		{58B51DB3-D818-40C0-80D2-726500A05D59}.Release|Any CPU.ActiveCfg = Release|Any CPU
		{58B51DB3-D818-40C0-80D2-726500A05D59}.Release|Any CPU.Build.0 = Release|Any CPU
	EndGlobalSection
	GlobalSection(SolutionProperties) = preSolution
		HideSolutionNode = FALSE
	EndGlobalSection
	GlobalSection(NestedProjects) = preSolution
		{E2BE4EFD-EAFD-4670-A832-BA6E5FCBF181} = {50920DE6-6811-4281-91A0-F68368286C1E}
		{E70E177D-BFF8-4227-B4B6-167DB2A84968} = {E2BE4EFD-EAFD-4670-A832-BA6E5FCBF181}
		{68C63567-B825-46C9-B560-5687E67AE0EF} = {9F60E2CF-E058-47BA-9461-8B2E6195327E}
		{DBF76AE9-ACC9-48EA-A1D0-5CF2E61DA65C} = {50920DE6-6811-4281-91A0-F68368286C1E}
		{58B51DB3-D818-40C0-80D2-726500A05D59} = {DBF76AE9-ACC9-48EA-A1D0-5CF2E61DA65C}
	EndGlobalSection
EndGlobal
